// !$*UTF8*$!
{
	archiveVersion = 1;
	classes = {
	};
	objectVersion = 50;
	objects = {

/* Begin PBXBuildFile section */
		2E3D9C2426B00636003B9CE2 /* CategoryHome.swift in Sources */ = {isa = PBXBuildFile; fileRef = 2E3D9C2326B00636003B9CE2 /* CategoryHome.swift */; };
		2E7BCE8B26B029B4001CCE36 /* CategoryRow.swift in Sources */ = {isa = PBXBuildFile; fileRef = 2E7BCE8A26B029B3001CCE36 /* CategoryRow.swift */; };
		2E7BCE8F26B02B43001CCE36 /* CategoryItem.swift in Sources */ = {isa = PBXBuildFile; fileRef = 2E7BCE8E26B02B43001CCE36 /* CategoryItem.swift */; };
		2E7BCE9126BA3B3E001CCE36 /* Profile.swift in Sources */ = {isa = PBXBuildFile; fileRef = 2E7BCE9026BA3B3E001CCE36 /* Profile.swift */; };
		2E7BCE9426BA3C11001CCE36 /* ProfileHost.swift in Sources */ = {isa = PBXBuildFile; fileRef = 2E7BCE9326BA3C11001CCE36 /* ProfileHost.swift */; };
		2E7BCE9626BA3D53001CCE36 /* ProfileSummary.swift in Sources */ = {isa = PBXBuildFile; fileRef = 2E7BCE9526BA3D53001CCE36 /* ProfileSummary.swift */; };
		2EBA12B326AE961E003126ED /* my_swiftuiApp.swift in Sources */ = {isa = PBXBuildFile; fileRef = 2EBA12B226AE961E003126ED /* my_swiftuiApp.swift */; };
		2EBA12B526AE961E003126ED /* ContentView.swift in Sources */ = {isa = PBXBuildFile; fileRef = 2EBA12B426AE961E003126ED /* ContentView.swift */; };
		2EBA12B726AE9621003126ED /* Assets.xcassets in Resources */ = {isa = PBXBuildFile; fileRef = 2EBA12B626AE9621003126ED /* Assets.xcassets */; };
		2EBA12BA26AE9621003126ED /* Preview Assets.xcassets in Resources */ = {isa = PBXBuildFile; fileRef = 2EBA12B926AE9621003126ED /* Preview Assets.xcassets */; };
		2EBA12C426AEA10E003126ED /* MapView.swift in Sources */ = {isa = PBXBuildFile; fileRef = 2EBA12C326AEA10E003126ED /* MapView.swift */; };
		2EBA12D526AEA6C9003126ED /* LICENSE.txt in Resources */ = {isa = PBXBuildFile; fileRef = 2EBA12C726AEA6C9003126ED /* LICENSE.txt */; };
		2EBA12D626AEA6C9003126ED /* umbagog@2x.jpg in Resources */ = {isa = PBXBuildFile; fileRef = 2EBA12C926AEA6C9003126ED /* umbagog@2x.jpg */; };
		2EBA12D726AEA6C9003126ED /* twinlake@2x.jpg in Resources */ = {isa = PBXBuildFile; fileRef = 2EBA12CA26AEA6C9003126ED /* twinlake@2x.jpg */; };
		2EBA12D826AEA6C9003126ED /* chincoteague@2x.jpg in Resources */ = {isa = PBXBuildFile; fileRef = 2EBA12CB26AEA6C9003126ED /* chincoteague@2x.jpg */; };
		2EBA12D926AEA6C9003126ED /* lakemcdonald@2x.jpg in Resources */ = {isa = PBXBuildFile; fileRef = 2EBA12CC26AEA6C9003126ED /* lakemcdonald@2x.jpg */; };
		2EBA12DA26AEA6C9003126ED /* silversalmoncreek@2x.jpg in Resources */ = {isa = PBXBuildFile; fileRef = 2EBA12CD26AEA6C9003126ED /* silversalmoncreek@2x.jpg */; };
		2EBA12DB26AEA6C9003126ED /* icybay@2x.jpg in Resources */ = {isa = PBXBuildFile; fileRef = 2EBA12CE26AEA6C9003126ED /* icybay@2x.jpg */; };
		2EBA12DC26AEA6C9003126ED /* hiddenlake@2x.jpg in Resources */ = {isa = PBXBuildFile; fileRef = 2EBA12CF26AEA6C9003126ED /* hiddenlake@2x.jpg */; };
		2EBA12DD26AEA6C9003126ED /* chilkoottrail@2x.jpg in Resources */ = {isa = PBXBuildFile; fileRef = 2EBA12D026AEA6C9003126ED /* chilkoottrail@2x.jpg */; };
		2EBA12DE26AEA6C9003126ED /* stmarylake@2x.jpg in Resources */ = {isa = PBXBuildFile; fileRef = 2EBA12D126AEA6C9003126ED /* stmarylake@2x.jpg */; };
		2EBA12DF26AEA6C9003126ED /* charleyrivers@2x.jpg in Resources */ = {isa = PBXBuildFile; fileRef = 2EBA12D226AEA6C9003126ED /* charleyrivers@2x.jpg */; };
		2EBA12E026AEA6C9003126ED /* rainbowlake@2x.jpg in Resources */ = {isa = PBXBuildFile; fileRef = 2EBA12D326AEA6C9003126ED /* rainbowlake@2x.jpg */; };
		2EBA12E126AEA6C9003126ED /* landmarkData.json in Resources */ = {isa = PBXBuildFile; fileRef = 2EBA12D426AEA6C9003126ED /* landmarkData.json */; };
		2EBA12E526AEA721003126ED /* Landmark.swift in Sources */ = {isa = PBXBuildFile; fileRef = 2EBA12E426AEA721003126ED /* Landmark.swift */; };
		2EBA12E726AEA8B2003126ED /* ModelData.swift in Sources */ = {isa = PBXBuildFile; fileRef = 2EBA12E626AEA8B2003126ED /* ModelData.swift */; };
		2EBA12EF26AEA9DD003126ED /* CircleImage.swift in Sources */ = {isa = PBXBuildFile; fileRef = 2EBA12EE26AEA9DD003126ED /* CircleImage.swift */; };
		2EBA12F726AEACA8003126ED /* LandmarkRow.swift in Sources */ = {isa = PBXBuildFile; fileRef = 2EBA12F626AEACA8003126ED /* LandmarkRow.swift */; };
		2EBA12F926AEAEFC003126ED /* LandmarkList.swift in Sources */ = {isa = PBXBuildFile; fileRef = 2EBA12F826AEAEFC003126ED /* LandmarkList.swift */; };
		2EBA12FB26AEB001003126ED /* LandmarkDetail.swift in Sources */ = {isa = PBXBuildFile; fileRef = 2EBA12FA26AEB001003126ED /* LandmarkDetail.swift */; };
		2EBA12FD26AED7A8003126ED /* FavoriteButton.swift in Sources */ = {isa = PBXBuildFile; fileRef = 2EBA12FC26AED7A8003126ED /* FavoriteButton.swift */; };
		2EBA130126AEE1FA003126ED /* HexagonParameters.swift in Sources */ = {isa = PBXBuildFile; fileRef = 2EBA130026AEE1FA003126ED /* HexagonParameters.swift */; };
		2EBA130326AEE2CF003126ED /* BadgeBackground.swift in Sources */ = {isa = PBXBuildFile; fileRef = 2EBA130226AEE2CF003126ED /* BadgeBackground.swift */; };
		2EBA130726AEE870003126ED /* BadgeSymbol.swift in Sources */ = {isa = PBXBuildFile; fileRef = 2EBA130626AEE870003126ED /* BadgeSymbol.swift */; };
		2EBA130926AEE8BF003126ED /* RotatedBadgeSymbol.swift in Sources */ = {isa = PBXBuildFile; fileRef = 2EBA130826AEE8BF003126ED /* RotatedBadgeSymbol.swift */; };
		2EBA130B26AEE8F9003126ED /* Badge.swift in Sources */ = {isa = PBXBuildFile; fileRef = 2EBA130A26AEE8F9003126ED /* Badge.swift */; };
		2EBA131626AFA3F3003126ED /* GraphCapsule.swift in Sources */ = {isa = PBXBuildFile; fileRef = 2EBA130F26AFA3F3003126ED /* GraphCapsule.swift */; };
		2EBA131726AFA3F3003126ED /* HikeGraph.swift in Sources */ = {isa = PBXBuildFile; fileRef = 2EBA131026AFA3F3003126ED /* HikeGraph.swift */; };
		2EBA131826AFA3F3003126ED /* HikeDetail.swift in Sources */ = {isa = PBXBuildFile; fileRef = 2EBA131126AFA3F3003126ED /* HikeDetail.swift */; };
		2EBA131926AFA3F3003126ED /* HikeView.swift in Sources */ = {isa = PBXBuildFile; fileRef = 2EBA131226AFA3F3003126ED /* HikeView.swift */; };
		2EBA131B26AFA3F3003126ED /* hikeData.json in Resources */ = {isa = PBXBuildFile; fileRef = 2EBA131526AFA3F3003126ED /* hikeData.json */; };
		2EBA131D26AFA4B5003126ED /* Hike.swift in Sources */ = {isa = PBXBuildFile; fileRef = 2EBA131C26AFA4B5003126ED /* Hike.swift */; };
/* End PBXBuildFile section */

/* Begin PBXFileReference section */
		2E3D9C2326B00636003B9CE2 /* CategoryHome.swift */ = {isa = PBXFileReference; lastKnownFileType = sourcecode.swift; path = CategoryHome.swift; sourceTree = "<group>"; };
		2E7BCE8A26B029B3001CCE36 /* CategoryRow.swift */ = {isa = PBXFileReference; lastKnownFileType = sourcecode.swift; path = CategoryRow.swift; sourceTree = "<group>"; };
		2E7BCE8E26B02B43001CCE36 /* CategoryItem.swift */ = {isa = PBXFileReference; lastKnownFileType = sourcecode.swift; path = CategoryItem.swift; sourceTree = "<group>"; };
		2E7BCE9026BA3B3E001CCE36 /* Profile.swift */ = {isa = PBXFileReference; lastKnownFileType = sourcecode.swift; path = Profile.swift; sourceTree = "<group>"; };
		2E7BCE9326BA3C11001CCE36 /* ProfileHost.swift */ = {isa = PBXFileReference; lastKnownFileType = sourcecode.swift; path = ProfileHost.swift; sourceTree = "<group>"; };
		2E7BCE9526BA3D53001CCE36 /* ProfileSummary.swift */ = {isa = PBXFileReference; lastKnownFileType = sourcecode.swift; path = ProfileSummary.swift; sourceTree = "<group>"; };
		2EBA12AF26AE961E003126ED /* my-swiftui.app */ = {isa = PBXFileReference; explicitFileType = wrapper.application; includeInIndex = 0; path = "my-swiftui.app"; sourceTree = BUILT_PRODUCTS_DIR; };
		2EBA12B226AE961E003126ED /* my_swiftuiApp.swift */ = {isa = PBXFileReference; lastKnownFileType = sourcecode.swift; path = my_swiftuiApp.swift; sourceTree = "<group>"; };
		2EBA12B426AE961E003126ED /* ContentView.swift */ = {isa = PBXFileReference; lastKnownFileType = sourcecode.swift; path = ContentView.swift; sourceTree = "<group>"; };
		2EBA12B626AE9621003126ED /* Assets.xcassets */ = {isa = PBXFileReference; lastKnownFileType = folder.assetcatalog; path = Assets.xcassets; sourceTree = "<group>"; };
		2EBA12B926AE9621003126ED /* Preview Assets.xcassets */ = {isa = PBXFileReference; lastKnownFileType = folder.assetcatalog; path = "Preview Assets.xcassets"; sourceTree = "<group>"; };
		2EBA12BB26AE9621003126ED /* Info.plist */ = {isa = PBXFileReference; lastKnownFileType = text.plist.xml; path = Info.plist; sourceTree = "<group>"; };
		2EBA12C326AEA10E003126ED /* MapView.swift */ = {isa = PBXFileReference; lastKnownFileType = sourcecode.swift; path = MapView.swift; sourceTree = "<group>"; };
		2EBA12C726AEA6C9003126ED /* LICENSE.txt */ = {isa = PBXFileReference; fileEncoding = 4; lastKnownFileType = text; path = LICENSE.txt; sourceTree = "<group>"; };
		2EBA12C926AEA6C9003126ED /* umbagog@2x.jpg */ = {isa = PBXFileReference; lastKnownFileType = image.jpeg; path = "umbagog@2x.jpg"; sourceTree = "<group>"; };
		2EBA12CA26AEA6C9003126ED /* twinlake@2x.jpg */ = {isa = PBXFileReference; lastKnownFileType = image.jpeg; path = "twinlake@2x.jpg"; sourceTree = "<group>"; };
		2EBA12CB26AEA6C9003126ED /* chincoteague@2x.jpg */ = {isa = PBXFileReference; lastKnownFileType = image.jpeg; path = "chincoteague@2x.jpg"; sourceTree = "<group>"; };
		2EBA12CC26AEA6C9003126ED /* lakemcdonald@2x.jpg */ = {isa = PBXFileReference; lastKnownFileType = image.jpeg; path = "lakemcdonald@2x.jpg"; sourceTree = "<group>"; };
		2EBA12CD26AEA6C9003126ED /* silversalmoncreek@2x.jpg */ = {isa = PBXFileReference; lastKnownFileType = image.jpeg; path = "silversalmoncreek@2x.jpg"; sourceTree = "<group>"; };
		2EBA12CE26AEA6C9003126ED /* icybay@2x.jpg */ = {isa = PBXFileReference; lastKnownFileType = image.jpeg; path = "icybay@2x.jpg"; sourceTree = "<group>"; };
		2EBA12CF26AEA6C9003126ED /* hiddenlake@2x.jpg */ = {isa = PBXFileReference; lastKnownFileType = image.jpeg; path = "hiddenlake@2x.jpg"; sourceTree = "<group>"; };
		2EBA12D026AEA6C9003126ED /* chilkoottrail@2x.jpg */ = {isa = PBXFileReference; lastKnownFileType = image.jpeg; path = "chilkoottrail@2x.jpg"; sourceTree = "<group>"; };
		2EBA12D126AEA6C9003126ED /* stmarylake@2x.jpg */ = {isa = PBXFileReference; lastKnownFileType = image.jpeg; path = "stmarylake@2x.jpg"; sourceTree = "<group>"; };
		2EBA12D226AEA6C9003126ED /* charleyrivers@2x.jpg */ = {isa = PBXFileReference; lastKnownFileType = image.jpeg; path = "charleyrivers@2x.jpg"; sourceTree = "<group>"; };
		2EBA12D326AEA6C9003126ED /* rainbowlake@2x.jpg */ = {isa = PBXFileReference; lastKnownFileType = image.jpeg; path = "rainbowlake@2x.jpg"; sourceTree = "<group>"; };
		2EBA12D426AEA6C9003126ED /* landmarkData.json */ = {isa = PBXFileReference; fileEncoding = 4; lastKnownFileType = text.json; path = landmarkData.json; sourceTree = "<group>"; };
		2EBA12E426AEA721003126ED /* Landmark.swift */ = {isa = PBXFileReference; lastKnownFileType = sourcecode.swift; path = Landmark.swift; sourceTree = "<group>"; };
		2EBA12E626AEA8B2003126ED /* ModelData.swift */ = {isa = PBXFileReference; lastKnownFileType = sourcecode.swift; path = ModelData.swift; sourceTree = "<group>"; };
		2EBA12EE26AEA9DD003126ED /* CircleImage.swift */ = {isa = PBXFileReference; lastKnownFileType = sourcecode.swift; path = CircleImage.swift; sourceTree = "<group>"; };
		2EBA12F626AEACA8003126ED /* LandmarkRow.swift */ = {isa = PBXFileReference; lastKnownFileType = sourcecode.swift; path = LandmarkRow.swift; sourceTree = "<group>"; };
		2EBA12F826AEAEFC003126ED /* LandmarkList.swift */ = {isa = PBXFileReference; lastKnownFileType = sourcecode.swift; path = LandmarkList.swift; sourceTree = "<group>"; };
		2EBA12FA26AEB001003126ED /* LandmarkDetail.swift */ = {isa = PBXFileReference; lastKnownFileType = sourcecode.swift; path = LandmarkDetail.swift; sourceTree = "<group>"; };
		2EBA12FC26AED7A8003126ED /* FavoriteButton.swift */ = {isa = PBXFileReference; lastKnownFileType = sourcecode.swift; path = FavoriteButton.swift; sourceTree = "<group>"; };
		2EBA130026AEE1FA003126ED /* HexagonParameters.swift */ = {isa = PBXFileReference; lastKnownFileType = sourcecode.swift; path = HexagonParameters.swift; sourceTree = "<group>"; };
		2EBA130226AEE2CF003126ED /* BadgeBackground.swift */ = {isa = PBXFileReference; lastKnownFileType = sourcecode.swift; path = BadgeBackground.swift; sourceTree = "<group>"; };
		2EBA130626AEE870003126ED /* BadgeSymbol.swift */ = {isa = PBXFileReference; lastKnownFileType = sourcecode.swift; path = BadgeSymbol.swift; sourceTree = "<group>"; };
		2EBA130826AEE8BF003126ED /* RotatedBadgeSymbol.swift */ = {isa = PBXFileReference; lastKnownFileType = sourcecode.swift; path = RotatedBadgeSymbol.swift; sourceTree = "<group>"; };
		2EBA130A26AEE8F9003126ED /* Badge.swift */ = {isa = PBXFileReference; lastKnownFileType = sourcecode.swift; path = Badge.swift; sourceTree = "<group>"; };
		2EBA130F26AFA3F3003126ED /* GraphCapsule.swift */ = {isa = PBXFileReference; fileEncoding = 4; lastKnownFileType = sourcecode.swift; path = GraphCapsule.swift; sourceTree = "<group>"; };
		2EBA131026AFA3F3003126ED /* HikeGraph.swift */ = {isa = PBXFileReference; fileEncoding = 4; lastKnownFileType = sourcecode.swift; path = HikeGraph.swift; sourceTree = "<group>"; };
		2EBA131126AFA3F3003126ED /* HikeDetail.swift */ = {isa = PBXFileReference; fileEncoding = 4; lastKnownFileType = sourcecode.swift; path = HikeDetail.swift; sourceTree = "<group>"; };
		2EBA131226AFA3F3003126ED /* HikeView.swift */ = {isa = PBXFileReference; fileEncoding = 4; lastKnownFileType = sourcecode.swift; path = HikeView.swift; sourceTree = "<group>"; };
		2EBA131526AFA3F3003126ED /* hikeData.json */ = {isa = PBXFileReference; fileEncoding = 4; lastKnownFileType = text.json; path = hikeData.json; sourceTree = "<group>"; };
		2EBA131C26AFA4B5003126ED /* Hike.swift */ = {isa = PBXFileReference; lastKnownFileType = sourcecode.swift; path = Hike.swift; sourceTree = "<group>"; };
/* End PBXFileReference section */

/* Begin PBXFrameworksBuildPhase section */
		2EBA12AC26AE961E003126ED /* Frameworks */ = {
			isa = PBXFrameworksBuildPhase;
			buildActionMask = 2147483647;
			files = (
			);
			runOnlyForDeploymentPostprocessing = 0;
		};
/* End PBXFrameworksBuildPhase section */

/* Begin PBXGroup section */
		2E3D9C2226B00619003B9CE2 /* Gategories */ = {
			isa = PBXGroup;
			children = (
				2E3D9C2326B00636003B9CE2 /* CategoryHome.swift */,
				2E7BCE8A26B029B3001CCE36 /* CategoryRow.swift */,
				2E7BCE8E26B02B43001CCE36 /* CategoryItem.swift */,
			);
			path = Gategories;
			sourceTree = "<group>";
		};
		2E7BCE9226BA3BFB001CCE36 /* Profiles */ = {
			isa = PBXGroup;
			children = (
				2E7BCE9326BA3C11001CCE36 /* ProfileHost.swift */,
				2E7BCE9526BA3D53001CCE36 /* ProfileSummary.swift */,
			);
			path = Profiles;
			sourceTree = "<group>";
		};
		2EBA12A626AE961E003126ED = {
			isa = PBXGroup;
			children = (
				2EBA12B126AE961E003126ED /* my-swiftui */,
				2EBA12B026AE961E003126ED /* Products */,
			);
			sourceTree = "<group>";
		};
		2EBA12B026AE961E003126ED /* Products */ = {
			isa = PBXGroup;
			children = (
				2EBA12AF26AE961E003126ED /* my-swiftui.app */,
			);
			name = Products;
			sourceTree = "<group>";
		};
		2EBA12B126AE961E003126ED /* my-swiftui */ = {
			isa = PBXGroup;
			children = (
				2EBA12C526AEA6C9003126ED /* Resources */,
				2EBA12F026AEAA54003126ED /* View */,
				2EBA12B226AE961E003126ED /* my_swiftuiApp.swift */,
				2EBA12B626AE9621003126ED /* Assets.xcassets */,
				2EBA12BB26AE9621003126ED /* Info.plist */,
				2EBA12B826AE9621003126ED /* Preview Content */,
				2EBA12F126AEAB72003126ED /* Model */,
			);
			path = "my-swiftui";
			sourceTree = "<group>";
		};
		2EBA12B826AE9621003126ED /* Preview Content */ = {
			isa = PBXGroup;
			children = (
				2EBA12B926AE9621003126ED /* Preview Assets.xcassets */,
			);
			path = "Preview Content";
			sourceTree = "<group>";
		};
		2EBA12C526AEA6C9003126ED /* Resources */ = {
			isa = PBXGroup;
			children = (
				2EBA131526AFA3F3003126ED /* hikeData.json */,
				2EBA12C626AEA6C9003126ED /* LICENSE */,
				2EBA12C826AEA6C9003126ED /* Images */,
				2EBA12D426AEA6C9003126ED /* landmarkData.json */,
			);
			path = Resources;
			sourceTree = "<group>";
		};
		2EBA12C626AEA6C9003126ED /* LICENSE */ = {
			isa = PBXGroup;
			children = (
				2EBA12C726AEA6C9003126ED /* LICENSE.txt */,
			);
			path = LICENSE;
			sourceTree = "<group>";
		};
		2EBA12C826AEA6C9003126ED /* Images */ = {
			isa = PBXGroup;
			children = (
				2EBA12C926AEA6C9003126ED /* umbagog@2x.jpg */,
				2EBA12CA26AEA6C9003126ED /* twinlake@2x.jpg */,
				2EBA12CB26AEA6C9003126ED /* chincoteague@2x.jpg */,
				2EBA12CC26AEA6C9003126ED /* lakemcdonald@2x.jpg */,
				2EBA12CD26AEA6C9003126ED /* silversalmoncreek@2x.jpg */,
				2EBA12CE26AEA6C9003126ED /* icybay@2x.jpg */,
				2EBA12CF26AEA6C9003126ED /* hiddenlake@2x.jpg */,
				2EBA12D026AEA6C9003126ED /* chilkoottrail@2x.jpg */,
				2EBA12D126AEA6C9003126ED /* stmarylake@2x.jpg */,
				2EBA12D226AEA6C9003126ED /* charleyrivers@2x.jpg */,
				2EBA12D326AEA6C9003126ED /* rainbowlake@2x.jpg */,
			);
			path = Images;
			sourceTree = "<group>";
		};
		2EBA12F026AEAA54003126ED /* View */ = {
			isa = PBXGroup;
			children = (
				2E7BCE9226BA3BFB001CCE36 /* Profiles */,
				2E3D9C2226B00619003B9CE2 /* Gategories */,
				2EBA130E26AFA3F3003126ED /* Hikes */,
				2EBA130C26AEE9E1003126ED /* Badge */,
				2EBA12FF26AED864003126ED /* Helpers */,
				2EBA12B426AE961E003126ED /* ContentView.swift */,
				2EBA12FE26AED850003126ED /* Landmarks */,
			);
			path = View;
			sourceTree = "<group>";
		};
		2EBA12F126AEAB72003126ED /* Model */ = {
			isa = PBXGroup;
			children = (
				2EBA12E426AEA721003126ED /* Landmark.swift */,
				2EBA12E626AEA8B2003126ED /* ModelData.swift */,
				2EBA131C26AFA4B5003126ED /* Hike.swift */,
				2E7BCE9026BA3B3E001CCE36 /* Profile.swift */,
			);
			path = Model;
			sourceTree = "<group>";
		};
		2EBA12FE26AED850003126ED /* Landmarks */ = {
			isa = PBXGroup;
			children = (
				2EBA12F626AEACA8003126ED /* LandmarkRow.swift */,
				2EBA12F826AEAEFC003126ED /* LandmarkList.swift */,
				2EBA12FA26AEB001003126ED /* LandmarkDetail.swift */,
			);
			path = Landmarks;
			sourceTree = "<group>";
		};
		2EBA12FF26AED864003126ED /* Helpers */ = {
			isa = PBXGroup;
			children = (
				2EBA12C326AEA10E003126ED /* MapView.swift */,
				2EBA12EE26AEA9DD003126ED /* CircleImage.swift */,
				2EBA12FC26AED7A8003126ED /* FavoriteButton.swift */,
			);
			path = Helpers;
			sourceTree = "<group>";
		};
		2EBA130C26AEE9E1003126ED /* Badge */ = {
			isa = PBXGroup;
			children = (
				2EBA130026AEE1FA003126ED /* HexagonParameters.swift */,
				2EBA130226AEE2CF003126ED /* BadgeBackground.swift */,
				2EBA130626AEE870003126ED /* BadgeSymbol.swift */,
				2EBA130826AEE8BF003126ED /* RotatedBadgeSymbol.swift */,
				2EBA130A26AEE8F9003126ED /* Badge.swift */,
			);
			path = Badge;
			sourceTree = "<group>";
		};
		2EBA130E26AFA3F3003126ED /* Hikes */ = {
			isa = PBXGroup;
			children = (
				2EBA130F26AFA3F3003126ED /* GraphCapsule.swift */,
				2EBA131026AFA3F3003126ED /* HikeGraph.swift */,
				2EBA131126AFA3F3003126ED /* HikeDetail.swift */,
				2EBA131226AFA3F3003126ED /* HikeView.swift */,
			);
			path = Hikes;
			sourceTree = "<group>";
		};
/* End PBXGroup section */

/* Begin PBXNativeTarget section */
		2EBA12AE26AE961E003126ED /* my-swiftui */ = {
			isa = PBXNativeTarget;
			buildConfigurationList = 2EBA12BE26AE9621003126ED /* Build configuration list for PBXNativeTarget "my-swiftui" */;
			buildPhases = (
				2EBA12AB26AE961E003126ED /* Sources */,
				2EBA12AC26AE961E003126ED /* Frameworks */,
				2EBA12AD26AE961E003126ED /* Resources */,
			);
			buildRules = (
			);
			dependencies = (
			);
			name = "my-swiftui";
			productName = "my-swiftui";
			productReference = 2EBA12AF26AE961E003126ED /* my-swiftui.app */;
			productType = "com.apple.product-type.application";
		};
/* End PBXNativeTarget section */

/* Begin PBXProject section */
		2EBA12A726AE961E003126ED /* Project object */ = {
			isa = PBXProject;
			attributes = {
				LastSwiftUpdateCheck = 1250;
				LastUpgradeCheck = 1250;
				TargetAttributes = {
					2EBA12AE26AE961E003126ED = {
						CreatedOnToolsVersion = 12.5.1;
					};
				};
			};
			buildConfigurationList = 2EBA12AA26AE961E003126ED /* Build configuration list for PBXProject "my-swiftui" */;
			compatibilityVersion = "Xcode 9.3";
			developmentRegion = en;
			hasScannedForEncodings = 0;
			knownRegions = (
				en,
				Base,
			);
			mainGroup = 2EBA12A626AE961E003126ED;
			productRefGroup = 2EBA12B026AE961E003126ED /* Products */;
			projectDirPath = "";
			projectRoot = "";
			targets = (
				2EBA12AE26AE961E003126ED /* my-swiftui */,
			);
		};
/* End PBXProject section */

/* Begin PBXResourcesBuildPhase section */
		2EBA12AD26AE961E003126ED /* Resources */ = {
			isa = PBXResourcesBuildPhase;
			buildActionMask = 2147483647;
			files = (
				2EBA12DF26AEA6C9003126ED /* charleyrivers@2x.jpg in Resources */,
				2EBA12D526AEA6C9003126ED /* LICENSE.txt in Resources */,
				2EBA131B26AFA3F3003126ED /* hikeData.json in Resources */,
				2EBA12DC26AEA6C9003126ED /* hiddenlake@2x.jpg in Resources */,
				2EBA12D626AEA6C9003126ED /* umbagog@2x.jpg in Resources */,
				2EBA12E026AEA6C9003126ED /* rainbowlake@2x.jpg in Resources */,
				2EBA12DB26AEA6C9003126ED /* icybay@2x.jpg in Resources */,
				2EBA12DA26AEA6C9003126ED /* silversalmoncreek@2x.jpg in Resources */,
				2EBA12BA26AE9621003126ED /* Preview Assets.xcassets in Resources */,
				2EBA12E126AEA6C9003126ED /* landmarkData.json in Resources */,
				2EBA12D726AEA6C9003126ED /* twinlake@2x.jpg in Resources */,
				2EBA12DE26AEA6C9003126ED /* stmarylake@2x.jpg in Resources */,
				2EBA12D926AEA6C9003126ED /* lakemcdonald@2x.jpg in Resources */,
				2EBA12DD26AEA6C9003126ED /* chilkoottrail@2x.jpg in Resources */,
				2EBA12B726AE9621003126ED /* Assets.xcassets in Resources */,
				2EBA12D826AEA6C9003126ED /* chincoteague@2x.jpg in Resources */,
			);
			runOnlyForDeploymentPostprocessing = 0;
		};
/* End PBXResourcesBuildPhase section */

/* Begin PBXSourcesBuildPhase section */
		2EBA12AB26AE961E003126ED /* Sources */ = {
			isa = PBXSourcesBuildPhase;
			buildActionMask = 2147483647;
			files = (
				2E7BCE8B26B029B4001CCE36 /* CategoryRow.swift in Sources */,
				2EBA12B526AE961E003126ED /* ContentView.swift in Sources */,
				2E3D9C2426B00636003B9CE2 /* CategoryHome.swift in Sources */,
				2EBA130B26AEE8F9003126ED /* Badge.swift in Sources */,
				2EBA12C426AEA10E003126ED /* MapView.swift in Sources */,
				2EBA12B326AE961E003126ED /* my_swiftuiApp.swift in Sources */,
				2EBA131926AFA3F3003126ED /* HikeView.swift in Sources */,
				2EBA12FD26AED7A8003126ED /* FavoriteButton.swift in Sources */,
				2EBA130126AEE1FA003126ED /* HexagonParameters.swift in Sources */,
				2E7BCE8F26B02B43001CCE36 /* CategoryItem.swift in Sources */,
				2EBA130926AEE8BF003126ED /* RotatedBadgeSymbol.swift in Sources */,
				2EBA130726AEE870003126ED /* BadgeSymbol.swift in Sources */,
				2E7BCE9626BA3D53001CCE36 /* ProfileSummary.swift in Sources */,
				2EBA12F926AEAEFC003126ED /* LandmarkList.swift in Sources */,
				2E7BCE9426BA3C11001CCE36 /* ProfileHost.swift in Sources */,
				2E7BCE9126BA3B3E001CCE36 /* Profile.swift in Sources */,
				2EBA131D26AFA4B5003126ED /* Hike.swift in Sources */,
				2EBA12FB26AEB001003126ED /* LandmarkDetail.swift in Sources */,
				2EBA130326AEE2CF003126ED /* BadgeBackground.swift in Sources */,
				2EBA131826AFA3F3003126ED /* HikeDetail.swift in Sources */,
				2EBA12EF26AEA9DD003126ED /* CircleImage.swift in Sources */,
				2EBA131626AFA3F3003126ED /* GraphCapsule.swift in Sources */,
				2EBA12E526AEA721003126ED /* Landmark.swift in Sources */,
				2EBA12F726AEACA8003126ED /* LandmarkRow.swift in Sources */,
				2EBA12E726AEA8B2003126ED /* ModelData.swift in Sources */,
				2EBA131726AFA3F3003126ED /* HikeGraph.swift in Sources */,
			);
			runOnlyForDeploymentPostprocessing = 0;
		};
/* End PBXSourcesBuildPhase section */

/* Begin XCBuildConfiguration section */
		2EBA12BC26AE9621003126ED /* Debug */ = {
			isa = XCBuildConfiguration;
			buildSettings = {
				ALWAYS_SEARCH_USER_PATHS = NO;
				CLANG_ANALYZER_NONNULL = YES;
				CLANG_ANALYZER_NUMBER_OBJECT_CONVERSION = YES_AGGRESSIVE;
				CLANG_CXX_LANGUAGE_STANDARD = "gnu++14";
				CLANG_CXX_LIBRARY = "libc++";
				CLANG_ENABLE_MODULES = YES;
				CLANG_ENABLE_OBJC_ARC = YES;
				CLANG_ENABLE_OBJC_WEAK = YES;
				CLANG_WARN_BLOCK_CAPTURE_AUTORELEASING = YES;
				CLANG_WARN_BOOL_CONVERSION = YES;
				CLANG_WARN_COMMA = YES;
				CLANG_WARN_CONSTANT_CONVERSION = YES;
				CLANG_WARN_DEPRECATED_OBJC_IMPLEMENTATIONS = YES;
				CLANG_WARN_DIRECT_OBJC_ISA_USAGE = YES_ERROR;
				CLANG_WARN_DOCUMENTATION_COMMENTS = YES;
				CLANG_WARN_EMPTY_BODY = YES;
				CLANG_WARN_ENUM_CONVERSION = YES;
				CLANG_WARN_INFINITE_RECURSION = YES;
				CLANG_WARN_INT_CONVERSION = YES;
				CLANG_WARN_NON_LITERAL_NULL_CONVERSION = YES;
				CLANG_WARN_OBJC_IMPLICIT_RETAIN_SELF = YES;
				CLANG_WARN_OBJC_LITERAL_CONVERSION = YES;
				CLANG_WARN_OBJC_ROOT_CLASS = YES_ERROR;
				CLANG_WARN_QUOTED_INCLUDE_IN_FRAMEWORK_HEADER = YES;
				CLANG_WARN_RANGE_LOOP_ANALYSIS = YES;
				CLANG_WARN_STRICT_PROTOTYPES = YES;
				CLANG_WARN_SUSPICIOUS_MOVE = YES;
				CLANG_WARN_UNGUARDED_AVAILABILITY = YES_AGGRESSIVE;
				CLANG_WARN_UNREACHABLE_CODE = YES;
				CLANG_WARN__DUPLICATE_METHOD_MATCH = YES;
				COPY_PHASE_STRIP = NO;
				DEBUG_INFORMATION_FORMAT = dwarf;
				ENABLE_STRICT_OBJC_MSGSEND = YES;
				ENABLE_TESTABILITY = YES;
				GCC_C_LANGUAGE_STANDARD = gnu11;
				GCC_DYNAMIC_NO_PIC = NO;
				GCC_NO_COMMON_BLOCKS = YES;
				GCC_OPTIMIZATION_LEVEL = 0;
				GCC_PREPROCESSOR_DEFINITIONS = (
					"DEBUG=1",
					"$(inherited)",
				);
				GCC_WARN_64_TO_32_BIT_CONVERSION = YES;
				GCC_WARN_ABOUT_RETURN_TYPE = YES_ERROR;
				GCC_WARN_UNDECLARED_SELECTOR = YES;
				GCC_WARN_UNINITIALIZED_AUTOS = YES_AGGRESSIVE;
				GCC_WARN_UNUSED_FUNCTION = YES;
				GCC_WARN_UNUSED_VARIABLE = YES;
				IPHONEOS_DEPLOYMENT_TARGET = 14.5;
				MTL_ENABLE_DEBUG_INFO = INCLUDE_SOURCE;
				MTL_FAST_MATH = YES;
				ONLY_ACTIVE_ARCH = YES;
				SDKROOT = iphoneos;
				SWIFT_ACTIVE_COMPILATION_CONDITIONS = DEBUG;
				SWIFT_OPTIMIZATION_LEVEL = "-Onone";
			};
			name = Debug;
		};
		2EBA12BD26AE9621003126ED /* Release */ = {
			isa = XCBuildConfiguration;
			buildSettings = {
				ALWAYS_SEARCH_USER_PATHS = NO;
				CLANG_ANALYZER_NONNULL = YES;
				CLANG_ANALYZER_NUMBER_OBJECT_CONVERSION = YES_AGGRESSIVE;
				CLANG_CXX_LANGUAGE_STANDARD = "gnu++14";
				CLANG_CXX_LIBRARY = "libc++";
				CLANG_ENABLE_MODULES = YES;
				CLANG_ENABLE_OBJC_ARC = YES;
				CLANG_ENABLE_OBJC_WEAK = YES;
				CLANG_WARN_BLOCK_CAPTURE_AUTORELEASING = YES;
				CLANG_WARN_BOOL_CONVERSION = YES;
				CLANG_WARN_COMMA = YES;
				CLANG_WARN_CONSTANT_CONVERSION = YES;
				CLANG_WARN_DEPRECATED_OBJC_IMPLEMENTATIONS = YES;
				CLANG_WARN_DIRECT_OBJC_ISA_USAGE = YES_ERROR;
				CLANG_WARN_DOCUMENTATION_COMMENTS = YES;
				CLANG_WARN_EMPTY_BODY = YES;
				CLANG_WARN_ENUM_CONVERSION = YES;
				CLANG_WARN_INFINITE_RECURSION = YES;
				CLANG_WARN_INT_CONVERSION = YES;
				CLANG_WARN_NON_LITERAL_NULL_CONVERSION = YES;
				CLANG_WARN_OBJC_IMPLICIT_RETAIN_SELF = YES;
				CLANG_WARN_OBJC_LITERAL_CONVERSION = YES;
				CLANG_WARN_OBJC_ROOT_CLASS = YES_ERROR;
				CLANG_WARN_QUOTED_INCLUDE_IN_FRAMEWORK_HEADER = YES;
				CLANG_WARN_RANGE_LOOP_ANALYSIS = YES;
				CLANG_WARN_STRICT_PROTOTYPES = YES;
				CLANG_WARN_SUSPICIOUS_MOVE = YES;
				CLANG_WARN_UNGUARDED_AVAILABILITY = YES_AGGRESSIVE;
				CLANG_WARN_UNREACHABLE_CODE = YES;
				CLANG_WARN__DUPLICATE_METHOD_MATCH = YES;
				COPY_PHASE_STRIP = NO;
				DEBUG_INFORMATION_FORMAT = "dwarf-with-dsym";
				ENABLE_NS_ASSERTIONS = NO;
				ENABLE_STRICT_OBJC_MSGSEND = YES;
				GCC_C_LANGUAGE_STANDARD = gnu11;
				GCC_NO_COMMON_BLOCKS = YES;
				GCC_WARN_64_TO_32_BIT_CONVERSION = YES;
				GCC_WARN_ABOUT_RETURN_TYPE = YES_ERROR;
				GCC_WARN_UNDECLARED_SELECTOR = YES;
				GCC_WARN_UNINITIALIZED_AUTOS = YES_AGGRESSIVE;
				GCC_WARN_UNUSED_FUNCTION = YES;
				GCC_WARN_UNUSED_VARIABLE = YES;
				IPHONEOS_DEPLOYMENT_TARGET = 14.5;
				MTL_ENABLE_DEBUG_INFO = NO;
				MTL_FAST_MATH = YES;
				SDKROOT = iphoneos;
				SWIFT_COMPILATION_MODE = wholemodule;
				SWIFT_OPTIMIZATION_LEVEL = "-O";
				VALIDATE_PRODUCT = YES;
			};
			name = Release;
		};
		2EBA12BF26AE9621003126ED /* Debug */ = {
			isa = XCBuildConfiguration;
			buildSettings = {
				ASSETCATALOG_COMPILER_APPICON_NAME = AppIcon;
				ASSETCATALOG_COMPILER_GLOBAL_ACCENT_COLOR_NAME = AccentColor;
				CODE_SIGN_STYLE = Automatic;
				DEVELOPMENT_ASSET_PATHS = "\"my-swiftui/Preview Content\"";
				ENABLE_PREVIEWS = YES;
				INFOPLIST_FILE = "my-swiftui/Info.plist";
				IPHONEOS_DEPLOYMENT_TARGET = 14.0;
				LD_RUNPATH_SEARCH_PATHS = (
					"$(inherited)",
					"@executable_path/Frameworks",
				);
				PRODUCT_BUNDLE_IDENTIFIER = "com.yaoyuan.moyoko.my-swiftui";
				PRODUCT_NAME = "$(TARGET_NAME)";
				SWIFT_VERSION = 5.0;
				TARGETED_DEVICE_FAMILY = "1,2";
			};
			name = Debug;
		};
		2EBA12C026AE9621003126ED /* Release */ = {
			isa = XCBuildConfiguration;
			buildSettings = {
				ASSETCATALOG_COMPILER_APPICON_NAME = AppIcon;
				ASSETCATALOG_COMPILER_GLOBAL_ACCENT_COLOR_NAME = AccentColor;
				CODE_SIGN_STYLE = Automatic;
				DEVELOPMENT_ASSET_PATHS = "\"my-swiftui/Preview Content\"";
				ENABLE_PREVIEWS = YES;
				INFOPLIST_FILE = "my-swiftui/Info.plist";
				IPHONEOS_DEPLOYMENT_TARGET = 14.0;
				LD_RUNPATH_SEARCH_PATHS = (
					"$(inherited)",
					"@executable_path/Frameworks",
				);
				PRODUCT_BUNDLE_IDENTIFIER = "com.yaoyuan.moyoko.my-swiftui";
				PRODUCT_NAME = "$(TARGET_NAME)";
				SWIFT_VERSION = 5.0;
				TARGETED_DEVICE_FAMILY = "1,2";
			};
			name = Release;
		};
/* End XCBuildConfiguration section */

/* Begin XCConfigurationList section */
		2EBA12AA26AE961E003126ED /* Build configuration list for PBXProject "my-swiftui" */ = {
			isa = XCConfigurationList;
			buildConfigurations = (
				2EBA12BC26AE9621003126ED /* Debug */,
				2EBA12BD26AE9621003126ED /* Release */,
			);
			defaultConfigurationIsVisible = 0;
			defaultConfigurationName = Release;
		};
		2EBA12BE26AE9621003126ED /* Build configuration list for PBXNativeTarget "my-swiftui" */ = {
			isa = XCConfigurationList;
			buildConfigurations = (
				2EBA12BF26AE9621003126ED /* Debug */,
				2EBA12C026AE9621003126ED /* Release */,
			);
			defaultConfigurationIsVisible = 0;
			defaultConfigurationName = Release;
		};
/* End XCConfigurationList section */
	};
	rootObject = 2EBA12A726AE961E003126ED /* Project object */;
}
